
Microsoft Visual Studio Solution File, Format Version 12.00
# Visual Studio Version 17
VisualStudioVersion = 17.4.33110.190
MinimumVisualStudioVersion = 10.0.40219.1
Project("{9A19103F-16F7-4668-BE54-9A1E7A4F7556}") = "web", "web.csproj", "{B1609C17-8CA1-4CE9-A37D-4E6E238374BE}"
EndProject
Global
	GlobalSection(SolutionConfigurationPlatforms) = preSolution
		Debug|Any CPU = Debug|Any CPU
		Release|Any CPU = Release|Any CPU
	EndGlobalSection
	GlobalSection(ProjectConfigurationPlatforms) = postSolution
		{B1609C17-8CA1-4CE9-A37D-4E6E238374BE}.Debug|Any CPU.ActiveCfg = Debug|Any CPU
		{B1609C17-8CA1-4CE9-A37D-4E6E238374BE}.Debug|Any CPU.Build.0 = Debug|Any CPU
		{B1609C17-8CA1-4CE9-A37D-4E6E238374BE}.Release|Any CPU.ActiveCfg = Release|Any CPU
		{B1609C17-8CA1-4CE9-A37D-4E6E238374BE}.Release|Any CPU.Build.0 = Release|Any CPU
	EndGlobalSection
	GlobalSection(SolutionProperties) = preSolution
		HideSolutionNode = FALSE
	EndGlobalSection
	GlobalSection(ExtensibilityGlobals) = postSolution
		SolutionGuid = {701F17AE-9514-402F-9CF4-972D11392703}
	EndGlobalSection
EndGlobal
